// !$*UTF8*$!
{
	archiveVersion = 1;
	classes = {
	};
	objectVersion = 46;
	objects = {

/* Begin PBXBuildFile section */
		74A620C31DECFC0F0034ABAB /* Photo.swift in Sources */ = {isa = PBXBuildFile; fileRef = 74A620C21DECFC0F0034ABAB /* Photo.swift */; };
		74A620C51DECFC5B0034ABAB /* Cloud.swift in Sources */ = {isa = PBXBuildFile; fileRef = 74A620C41DECFC5B0034ABAB /* Cloud.swift */; };
		74A620C71DEE62110034ABAB /* DateExtensions.swift in Sources */ = {isa = PBXBuildFile; fileRef = 74A620C61DEE62110034ABAB /* DateExtensions.swift */; };
		74A620C91DEE70940034ABAB /* PhotoViewController.swift in Sources */ = {isa = PBXBuildFile; fileRef = 74A620C81DEE70940034ABAB /* PhotoViewController.swift */; };
		74DE54A61DECD2E100259BC7 /* AppDelegate.swift in Sources */ = {isa = PBXBuildFile; fileRef = 74DE54A51DECD2E100259BC7 /* AppDelegate.swift */; };
		74DE54A81DECD2E100259BC7 /* PhotoCollectionViewController.swift in Sources */ = {isa = PBXBuildFile; fileRef = 74DE54A71DECD2E100259BC7 /* PhotoCollectionViewController.swift */; };
		74DE54AA1DECD2E100259BC7 /* AlbumCollectionViewController.swift in Sources */ = {isa = PBXBuildFile; fileRef = 74DE54A91DECD2E100259BC7 /* AlbumCollectionViewController.swift */; };
		74DE54AD1DECD2E100259BC7 /* Main.storyboard in Resources */ = {isa = PBXBuildFile; fileRef = 74DE54AB1DECD2E100259BC7 /* Main.storyboard */; };
		74DE54AF1DECD2E100259BC7 /* Assets.xcassets in Resources */ = {isa = PBXBuildFile; fileRef = 74DE54AE1DECD2E100259BC7 /* Assets.xcassets */; };
		74DE54B21DECD2E100259BC7 /* LaunchScreen.storyboard in Resources */ = {isa = PBXBuildFile; fileRef = 74DE54B01DECD2E100259BC7 /* LaunchScreen.storyboard */; };
		9AFF837C26260FDFBF238090 /* Pods_PhotoViewer.framework in Frameworks */ = {isa = PBXBuildFile; fileRef = CD85BF51800741F78C238F3C /* Pods_PhotoViewer.framework */; };
/* End PBXBuildFile section */

/* Begin PBXFileReference section */
		2B5DF3145FBDC4A71A703D5A /* Pods-PhotoViewer.debug.xcconfig */ = {isa = PBXFileReference; includeInIndex = 1; lastKnownFileType = text.xcconfig; name = "Pods-PhotoViewer.debug.xcconfig"; path = "Pods/Target Support Files/Pods-PhotoViewer/Pods-PhotoViewer.debug.xcconfig"; sourceTree = "<group>"; };
		74A620C21DECFC0F0034ABAB /* Photo.swift */ = {isa = PBXFileReference; fileEncoding = 4; lastKnownFileType = sourcecode.swift; path = Photo.swift; sourceTree = "<group>"; };
		74A620C41DECFC5B0034ABAB /* Cloud.swift */ = {isa = PBXFileReference; fileEncoding = 4; lastKnownFileType = sourcecode.swift; path = Cloud.swift; sourceTree = "<group>"; };
		74A620C61DEE62110034ABAB /* DateExtensions.swift */ = {isa = PBXFileReference; fileEncoding = 4; lastKnownFileType = sourcecode.swift; path = DateExtensions.swift; sourceTree = "<group>"; };
		74A620C81DEE70940034ABAB /* PhotoViewController.swift */ = {isa = PBXFileReference; fileEncoding = 4; lastKnownFileType = sourcecode.swift; path = PhotoViewController.swift; sourceTree = "<group>"; };
		74DE54A21DECD2E000259BC7 /* PhotoViewer.app */ = {isa = PBXFileReference; explicitFileType = wrapper.application; includeInIndex = 0; path = PhotoViewer.app; sourceTree = BUILT_PRODUCTS_DIR; };
		74DE54A51DECD2E100259BC7 /* AppDelegate.swift */ = {isa = PBXFileReference; lastKnownFileType = sourcecode.swift; path = AppDelegate.swift; sourceTree = "<group>"; };
		74DE54A71DECD2E100259BC7 /* PhotoCollectionViewController.swift */ = {isa = PBXFileReference; lastKnownFileType = sourcecode.swift; path = PhotoCollectionViewController.swift; sourceTree = "<group>"; };
		74DE54A91DECD2E100259BC7 /* AlbumCollectionViewController.swift */ = {isa = PBXFileReference; lastKnownFileType = sourcecode.swift; path = AlbumCollectionViewController.swift; sourceTree = "<group>"; };
		74DE54AC1DECD2E100259BC7 /* Base */ = {isa = PBXFileReference; lastKnownFileType = file.storyboard; name = Base; path = Base.lproj/Main.storyboard; sourceTree = "<group>"; };
		74DE54AE1DECD2E100259BC7 /* Assets.xcassets */ = {isa = PBXFileReference; lastKnownFileType = folder.assetcatalog; path = Assets.xcassets; sourceTree = "<group>"; };
		74DE54B11DECD2E100259BC7 /* Base */ = {isa = PBXFileReference; lastKnownFileType = file.storyboard; name = Base; path = Base.lproj/LaunchScreen.storyboard; sourceTree = "<group>"; };
		74DE54B31DECD2E100259BC7 /* Info.plist */ = {isa = PBXFileReference; lastKnownFileType = text.plist.xml; path = Info.plist; sourceTree = "<group>"; };
		CD85BF51800741F78C238F3C /* Pods_PhotoViewer.framework */ = {isa = PBXFileReference; explicitFileType = wrapper.framework; includeInIndex = 0; path = Pods_PhotoViewer.framework; sourceTree = BUILT_PRODUCTS_DIR; };
		E5330933BF1AFE509061959C /* Pods-PhotoViewer.release.xcconfig */ = {isa = PBXFileReference; includeInIndex = 1; lastKnownFileType = text.xcconfig; name = "Pods-PhotoViewer.release.xcconfig"; path = "Pods/Target Support Files/Pods-PhotoViewer/Pods-PhotoViewer.release.xcconfig"; sourceTree = "<group>"; };
/* End PBXFileReference section */

/* Begin PBXFrameworksBuildPhase section */
		74DE549F1DECD2E000259BC7 /* Frameworks */ = {
			isa = PBXFrameworksBuildPhase;
			buildActionMask = 2147483647;
			files = (
				9AFF837C26260FDFBF238090 /* Pods_PhotoViewer.framework in Frameworks */,
			);
			runOnlyForDeploymentPostprocessing = 0;
		};
/* End PBXFrameworksBuildPhase section */

/* Begin PBXGroup section */
		74DE54991DECD2E000259BC7 = {
			isa = PBXGroup;
			children = (
				74DE54A41DECD2E000259BC7 /* PhotoViewer */,
				74DE54A31DECD2E000259BC7 /* Products */,
				C335778AC1AC9A39D694EAD4 /* Pods */,
				E253CE5F17ACD82FE324C4B6 /* Frameworks */,
			);
			sourceTree = "<group>";
		};
		74DE54A31DECD2E000259BC7 /* Products */ = {
			isa = PBXGroup;
			children = (
				74DE54A21DECD2E000259BC7 /* PhotoViewer.app */,
			);
			name = Products;
			sourceTree = "<group>";
		};
		74DE54A41DECD2E000259BC7 /* PhotoViewer */ = {
			isa = PBXGroup;
			children = (
				74DE54A51DECD2E100259BC7 /* AppDelegate.swift */,
				74DE54A91DECD2E100259BC7 /* AlbumCollectionViewController.swift */,
				74DE54A71DECD2E100259BC7 /* PhotoCollectionViewController.swift */,
				74A620C81DEE70940034ABAB /* PhotoViewController.swift */,
				74A620C21DECFC0F0034ABAB /* Photo.swift */,
				74A620C41DECFC5B0034ABAB /* Cloud.swift */,
				74DE54AB1DECD2E100259BC7 /* Main.storyboard */,
				74DE54AE1DECD2E100259BC7 /* Assets.xcassets */,
				74DE54B01DECD2E100259BC7 /* LaunchScreen.storyboard */,
				74DE54B31DECD2E100259BC7 /* Info.plist */,
				74A620C61DEE62110034ABAB /* DateExtensions.swift */,
			);
			path = PhotoViewer;
			sourceTree = "<group>";
		};
		C335778AC1AC9A39D694EAD4 /* Pods */ = {
			isa = PBXGroup;
			children = (
				2B5DF3145FBDC4A71A703D5A /* Pods-PhotoViewer.debug.xcconfig */,
				E5330933BF1AFE509061959C /* Pods-PhotoViewer.release.xcconfig */,
			);
			name = Pods;
			sourceTree = "<group>";
		};
		E253CE5F17ACD82FE324C4B6 /* Frameworks */ = {
			isa = PBXGroup;
			children = (
				CD85BF51800741F78C238F3C /* Pods_PhotoViewer.framework */,
			);
			name = Frameworks;
			sourceTree = "<group>";
		};
/* End PBXGroup section */

/* Begin PBXNativeTarget section */
		74DE54A11DECD2E000259BC7 /* PhotoViewer */ = {
			isa = PBXNativeTarget;
			buildConfigurationList = 74DE54B61DECD2E100259BC7 /* Build configuration list for PBXNativeTarget "PhotoViewer" */;
			buildPhases = (
				D0E00A46CB2B8F65C0671A9C /* [CP] Check Pods Manifest.lock */,
				74DE549E1DECD2E000259BC7 /* Sources */,
				74DE549F1DECD2E000259BC7 /* Frameworks */,
				74DE54A01DECD2E000259BC7 /* Resources */,
				F04A401061ABE414E6738AF7 /* [CP] Embed Pods Frameworks */,
				3DF7231EEA4428A27B72D855 /* [CP] Copy Pods Resources */,
			);
			buildRules = (
			);
			dependencies = (
			);
			name = PhotoViewer;
			productName = PhotoViewer;
			productReference = 74DE54A21DECD2E000259BC7 /* PhotoViewer.app */;
			productType = "com.apple.product-type.application";
		};
/* End PBXNativeTarget section */

/* Begin PBXProject section */
		74DE549A1DECD2E000259BC7 /* Project object */ = {
			isa = PBXProject;
			attributes = {
				LastSwiftUpdateCheck = 0810;
				LastUpgradeCheck = 0810;
				ORGANIZATIONNAME = "Alberto Lopez";
				TargetAttributes = {
					74DE54A11DECD2E000259BC7 = {
						CreatedOnToolsVersion = 8.1;
						ProvisioningStyle = Automatic;
					};
				};
			};
			buildConfigurationList = 74DE549D1DECD2E000259BC7 /* Build configuration list for PBXProject "PhotoViewer" */;
			compatibilityVersion = "Xcode 3.2";
			developmentRegion = English;
			hasScannedForEncodings = 0;
			knownRegions = (
				en,
				Base,
			);
			mainGroup = 74DE54991DECD2E000259BC7;
			productRefGroup = 74DE54A31DECD2E000259BC7 /* Products */;
			projectDirPath = "";
			projectRoot = "";
			targets = (
				74DE54A11DECD2E000259BC7 /* PhotoViewer */,
			);
		};
/* End PBXProject section */

/* Begin PBXResourcesBuildPhase section */
		74DE54A01DECD2E000259BC7 /* Resources */ = {
			isa = PBXResourcesBuildPhase;
			buildActionMask = 2147483647;
			files = (
				74DE54B21DECD2E100259BC7 /* LaunchScreen.storyboard in Resources */,
				74DE54AF1DECD2E100259BC7 /* Assets.xcassets in Resources */,
				74DE54AD1DECD2E100259BC7 /* Main.storyboard in Resources */,
			);
			runOnlyForDeploymentPostprocessing = 0;
		};
/* End PBXResourcesBuildPhase section */

/* Begin PBXShellScriptBuildPhase section */
		3DF7231EEA4428A27B72D855 /* [CP] Copy Pods Resources */ = {
			isa = PBXShellScriptBuildPhase;
			buildActionMask = 2147483647;
			files = (
			);
			inputPaths = (
			);
			name = "[CP] Copy Pods Resources";
			outputPaths = (
			);
			runOnlyForDeploymentPostprocessing = 0;
			shellPath = /bin/sh;
			shellScript = "\"${SRCROOT}/Pods/Target Support Files/Pods-PhotoViewer/Pods-PhotoViewer-resources.sh\"\n";
			showEnvVarsInLog = 0;
		};
		D0E00A46CB2B8F65C0671A9C /* [CP] Check Pods Manifest.lock */ = {
			isa = PBXShellScriptBuildPhase;
			buildActionMask = 2147483647;
			files = (
			);
			inputPaths = (
			);
			name = "[CP] Check Pods Manifest.lock";
			outputPaths = (
			);
			runOnlyForDeploymentPostprocessing = 0;
			shellPath = /bin/sh;
			shellScript = "diff \"${PODS_ROOT}/../Podfile.lock\" \"${PODS_ROOT}/Manifest.lock\" > /dev/null\nif [ $? != 0 ] ; then\n    # print error to STDERR\n    echo \"error: The sandbox is not in sync with the Podfile.lock. Run 'pod install' or update your CocoaPods installation.\" >&2\n    exit 1\nfi\n";
			showEnvVarsInLog = 0;
		};
		F04A401061ABE414E6738AF7 /* [CP] Embed Pods Frameworks */ = {
			isa = PBXShellScriptBuildPhase;
			buildActionMask = 2147483647;
			files = (
			);
			inputPaths = (
			);
			name = "[CP] Embed Pods Frameworks";
			outputPaths = (
			);
			runOnlyForDeploymentPostprocessing = 0;
			shellPath = /bin/sh;
			shellScript = "\"${SRCROOT}/Pods/Target Support Files/Pods-PhotoViewer/Pods-PhotoViewer-frameworks.sh\"\n";
			showEnvVarsInLog = 0;
		};
/* End PBXShellScriptBuildPhase section */

/* Begin PBXSourcesBuildPhase section */
		74DE549E1DECD2E000259BC7 /* Sources */ = {
			isa = PBXSourcesBuildPhase;
			buildActionMask = 2147483647;
			files = (
				74A620C31DECFC0F0034ABAB /* Photo.swift in Sources */,
				74DE54AA1DECD2E100259BC7 /* AlbumCollectionViewController.swift in Sources */,
				74A620C51DECFC5B0034ABAB /* Cloud.swift in Sources */,
				74DE54A61DECD2E100259BC7 /* AppDelegate.swift in Sources */,
				74A620C91DEE70940034ABAB /* PhotoViewController.swift in Sources */,
				74DE54A81DECD2E100259BC7 /* PhotoCollectionViewController.swift in Sources */,
				74A620C71DEE62110034ABAB /* DateExtensions.swift in Sources */,
			);
			runOnlyForDeploymentPostprocessing = 0;
		};
/* End PBXSourcesBuildPhase section */

/* Begin PBXVariantGroup section */
		74DE54AB1DECD2E100259BC7 /* Main.storyboard */ = {
			isa = PBXVariantGroup;
			children = (
				74DE54AC1DECD2E100259BC7 /* Base */,
			);
			name = Main.storyboard;
			sourceTree = "<group>";
		};
		74DE54B01DECD2E100259BC7 /* LaunchScreen.storyboard */ = {
			isa = PBXVariantGroup;
			children = (
				74DE54B11DECD2E100259BC7 /* Base */,
			);
			name = LaunchScreen.storyboard;
			sourceTree = "<group>";
		};
/* End PBXVariantGroup section */

/* Begin XCBuildConfiguration section */
		74DE54B41DECD2E100259BC7 /* Debug */ = {
			isa = XCBuildConfiguration;
			buildSettings = {
				ALWAYS_SEARCH_USER_PATHS = NO;
				CLANG_ANALYZER_NONNULL = YES;
				CLANG_CXX_LANGUAGE_STANDARD = "gnu++0x";
				CLANG_CXX_LIBRARY = "libc++";
				CLANG_ENABLE_MODULES = YES;
				CLANG_ENABLE_OBJC_ARC = YES;
				CLANG_WARN_BOOL_CONVERSION = YES;
				CLANG_WARN_CONSTANT_CONVERSION = YES;
				CLANG_WARN_DIRECT_OBJC_ISA_USAGE = YES_ERROR;
				CLANG_WARN_DOCUMENTATION_COMMENTS = YES;
				CLANG_WARN_EMPTY_BODY = YES;
				CLANG_WARN_ENUM_CONVERSION = YES;
				CLANG_WARN_INFINITE_RECURSION = YES;
				CLANG_WARN_INT_CONVERSION = YES;
				CLANG_WARN_OBJC_ROOT_CLASS = YES_ERROR;
				CLANG_WARN_SUSPICIOUS_MOVES = YES;
				CLANG_WARN_UNREACHABLE_CODE = YES;
				CLANG_WARN__DUPLICATE_METHOD_MATCH = YES;
				"CODE_SIGN_IDENTITY[sdk=iphoneos*]" = "iPhone Developer";
				COPY_PHASE_STRIP = NO;
				DEBUG_INFORMATION_FORMAT = dwarf;
				ENABLE_STRICT_OBJC_MSGSEND = YES;
				ENABLE_TESTABILITY = YES;
				GCC_C_LANGUAGE_STANDARD = gnu99;
				GCC_DYNAMIC_NO_PIC = NO;
				GCC_NO_COMMON_BLOCKS = YES;
				GCC_OPTIMIZATION_LEVEL = 0;
				GCC_PREPROCESSOR_DEFINITIONS = (
					"DEBUG=1",
					"$(inherited)",
				);
				GCC_WARN_64_TO_32_BIT_CONVERSION = YES;
				GCC_WARN_ABOUT_RETURN_TYPE = YES_ERROR;
				GCC_WARN_UNDECLARED_SELECTOR = YES;
				GCC_WARN_UNINITIALIZED_AUTOS = YES_AGGRESSIVE;
				GCC_WARN_UNUSED_FUNCTION = YES;
				GCC_WARN_UNUSED_VARIABLE = YES;
				IPHONEOS_DEPLOYMENT_TARGET = 10.1;
				MTL_ENABLE_DEBUG_INFO = YES;
				ONLY_ACTIVE_ARCH = YES;
				SDKROOT = iphoneos;
				SWIFT_ACTIVE_COMPILATION_CONDITIONS = DEBUG;
				SWIFT_OPTIMIZATION_LEVEL = "-Onone";
				TARGETED_DEVICE_FAMILY = "1,2";
			};
			name = Debug;
		};
		74DE54B51DECD2E100259BC7 /* Release */ = {
			isa = XCBuildConfiguration;
			buildSettings = {
				ALWAYS_SEARCH_USER_PATHS = NO;
				CLANG_ANALYZER_NONNULL = YES;
				CLANG_CXX_LANGUAGE_STANDARD = "gnu++0x";
				CLANG_CXX_LIBRARY = "libc++";
				CLANG_ENABLE_MODULES = YES;
				CLANG_ENABLE_OBJC_ARC = YES;
				CLANG_WARN_BOOL_CONVERSION = YES;
				CLANG_WARN_CONSTANT_CONVERSION = YES;
				CLANG_WARN_DIRECT_OBJC_ISA_USAGE = YES_ERROR;
				CLANG_WARN_DOCUMENTATION_COMMENTS = YES;
				CLANG_WARN_EMPTY_BODY = YES;
				CLANG_WARN_ENUM_CONVERSION = YES;
				CLANG_WARN_INFINITE_RECURSION = YES;
				CLANG_WARN_INT_CONVERSION = YES;
				CLANG_WARN_OBJC_ROOT_CLASS = YES_ERROR;
				CLANG_WARN_SUSPICIOUS_MOVES = YES;
				CLANG_WARN_UNREACHABLE_CODE = YES;
				CLANG_WARN__DUPLICATE_METHOD_MATCH = YES;
				"CODE_SIGN_IDENTITY[sdk=iphoneos*]" = "iPhone Developer";
				COPY_PHASE_STRIP = NO;
				DEBUG_INFORMATION_FORMAT = "dwarf-with-dsym";
				ENABLE_NS_ASSERTIONS = NO;
				ENABLE_STRICT_OBJC_MSGSEND = YES;
				GCC_C_LANGUAGE_STANDARD = gnu99;
				GCC_NO_COMMON_BLOCKS = YES;
				GCC_WARN_64_TO_32_BIT_CONVERSION = YES;
				GCC_WARN_ABOUT_RETURN_TYPE = YES_ERROR;
				GCC_WARN_UNDECLARED_SELECTOR = YES;
				GCC_WARN_UNINITIALIZED_AUTOS = YES_AGGRESSIVE;
				GCC_WARN_UNUSED_FUNCTION = YES;
				GCC_WARN_UNUSED_VARIABLE = YES;
				IPHONEOS_DEPLOYMENT_TARGET = 10.1;
				MTL_ENABLE_DEBUG_INFO = NO;
				SDKROOT = iphoneos;
				SWIFT_OPTIMIZATION_LEVEL = "-Owholemodule";
				TARGETED_DEVICE_FAMILY = "1,2";
				VALIDATE_PRODUCT = YES;
			};
			name = Release;
		};
		74DE54B71DECD2E100259BC7 /* Debug */ = {
			isa = XCBuildConfiguration;
			baseConfigurationReference = 2B5DF3145FBDC4A71A703D5A /* Pods-PhotoViewer.debug.xcconfig */;
			buildSettings = {
				ASSETCATALOG_COMPILER_APPICON_NAME = AppIcon;
				INFOPLIST_FILE = PhotoViewer/Info.plist;
				LD_RUNPATH_SEARCH_PATHS = "$(inherited) @executable_path/Frameworks";
				PRODUCT_BUNDLE_IDENTIFIER = Koopa.PhotoViewer;
				PRODUCT_NAME = "$(TARGET_NAME)";
				SWIFT_VERSION = 3.0;
			};
			name = Debug;
		};
		74DE54B81DECD2E100259BC7 /* Release */ = {
			isa = XCBuildConfiguration;
			baseConfigurationReference = E5330933BF1AFE509061959C /* Pods-PhotoViewer.release.xcconfig */;
			buildSettings = {
				ASSETCATALOG_COMPILER_APPICON_NAME = AppIcon;
				INFOPLIST_FILE = PhotoViewer/Info.plist;
				LD_RUNPATH_SEARCH_PATHS = "$(inherited) @executable_path/Frameworks";
				PRODUCT_BUNDLE_IDENTIFIER = Koopa.PhotoViewer;
				PRODUCT_NAME = "$(TARGET_NAME)";
				SWIFT_VERSION = 3.0;
			};
			name = Release;
		};
/* End XCBuildConfiguration section */

/* Begin XCConfigurationList section */
		74DE549D1DECD2E000259BC7 /* Build configuration list for PBXProject "PhotoViewer" */ = {
			isa = XCConfigurationList;
			buildConfigurations = (
				74DE54B41DECD2E100259BC7 /* Debug */,
				74DE54B51DECD2E100259BC7 /* Release */,
			);
			defaultConfigurationIsVisible = 0;
			defaultConfigurationName = Release;
		};
		74DE54B61DECD2E100259BC7 /* Build configuration list for PBXNativeTarget "PhotoViewer" */ = {
			isa = XCConfigurationList;
			buildConfigurations = (
				74DE54B71DECD2E100259BC7 /* Debug */,
				74DE54B81DECD2E100259BC7 /* Release */,
			);
			defaultConfigurationIsVisible = 0;
			defaultConfigurationName = Release;
		};
/* End XCConfigurationList section */
	};
	rootObject = 74DE549A1DECD2E000259BC7 /* Project object */;
}
